// !$*UTF8*$!
{
	archiveVersion = 1;
	classes = {
	};
	objectVersion = 55;
	objects = {

/* Begin PBXBuildFile section */
		261658462850319900279D52 /* RegisterViewController.swift in Sources */ = {isa = PBXBuildFile; fileRef = 261658452850319900279D52 /* RegisterViewController.swift */; };
		26749A632852360300FAD08E /* GymListViewController.swift in Sources */ = {isa = PBXBuildFile; fileRef = 26749A622852360300FAD08E /* GymListViewController.swift */; };
		26749A6528523A2100FAD08E /* GoogleService-Info.plist in Resources */ = {isa = PBXBuildFile; fileRef = 26749A6428523A2100FAD08E /* GoogleService-Info.plist */; };
		356A3CE0284F7F1B002E7AD4 /* AppDelegate.swift in Sources */ = {isa = PBXBuildFile; fileRef = 356A3CDF284F7F1B002E7AD4 /* AppDelegate.swift */; };
		356A3CE2284F7F1B002E7AD4 /* SceneDelegate.swift in Sources */ = {isa = PBXBuildFile; fileRef = 356A3CE1284F7F1B002E7AD4 /* SceneDelegate.swift */; };
		356A3CE7284F7F1B002E7AD4 /* Main.storyboard in Resources */ = {isa = PBXBuildFile; fileRef = 356A3CE5284F7F1B002E7AD4 /* Main.storyboard */; };
		356A3CE9284F7F1C002E7AD4 /* Assets.xcassets in Resources */ = {isa = PBXBuildFile; fileRef = 356A3CE8284F7F1C002E7AD4 /* Assets.xcassets */; };
		356A3CEC284F7F1C002E7AD4 /* LaunchScreen.storyboard in Resources */ = {isa = PBXBuildFile; fileRef = 356A3CEA284F7F1C002E7AD4 /* LaunchScreen.storyboard */; };
		356A3CF7284F7F1C002E7AD4 /* MyGymTests.swift in Sources */ = {isa = PBXBuildFile; fileRef = 356A3CF6284F7F1C002E7AD4 /* MyGymTests.swift */; };
		356A3D01284F7F1C002E7AD4 /* MyGymUITests.swift in Sources */ = {isa = PBXBuildFile; fileRef = 356A3D00284F7F1C002E7AD4 /* MyGymUITests.swift */; };
		356A3D03284F7F1C002E7AD4 /* MyGymUITestsLaunchTests.swift in Sources */ = {isa = PBXBuildFile; fileRef = 356A3D02284F7F1C002E7AD4 /* MyGymUITestsLaunchTests.swift */; };
		356A3D14284F80F1002E7AD4 /* LoginViewController.swift in Sources */ = {isa = PBXBuildFile; fileRef = 356A3D13284F80F1002E7AD4 /* LoginViewController.swift */; };
		936A720582D1ACFD403136BE /* Pods_MyGym.framework in Frameworks */ = {isa = PBXBuildFile; fileRef = 7E25E7C1E4C89B5DE70E9F47 /* Pods_MyGym.framework */; };
		B038D662719897E72AB5F9DB /* Pods_MyGym_MyGymUITests.framework in Frameworks */ = {isa = PBXBuildFile; fileRef = BE94DF51A6E1600105F52729 /* Pods_MyGym_MyGymUITests.framework */; };
		BB0A375CFD3DFF2FBC758DAF /* Pods_MyGymTests.framework in Frameworks */ = {isa = PBXBuildFile; fileRef = 1F182D13E6682860EA95E3B8 /* Pods_MyGymTests.framework */; };
/* End PBXBuildFile section */

/* Begin PBXContainerItemProxy section */
		356A3CF3284F7F1C002E7AD4 /* PBXContainerItemProxy */ = {
			isa = PBXContainerItemProxy;
			containerPortal = 356A3CD4284F7F1B002E7AD4 /* Project object */;
			proxyType = 1;
			remoteGlobalIDString = 356A3CDB284F7F1B002E7AD4;
			remoteInfo = MyGym;
		};
		356A3CFD284F7F1C002E7AD4 /* PBXContainerItemProxy */ = {
			isa = PBXContainerItemProxy;
			containerPortal = 356A3CD4284F7F1B002E7AD4 /* Project object */;
			proxyType = 1;
			remoteGlobalIDString = 356A3CDB284F7F1B002E7AD4;
			remoteInfo = MyGym;
		};
/* End PBXContainerItemProxy section */

/* Begin PBXFileReference section */
		198E1BBD80892744BC9122CF /* Pods-MyGym-MyGymUITests.release.xcconfig */ = {isa = PBXFileReference; includeInIndex = 1; lastKnownFileType = text.xcconfig; name = "Pods-MyGym-MyGymUITests.release.xcconfig"; path = "Target Support Files/Pods-MyGym-MyGymUITests/Pods-MyGym-MyGymUITests.release.xcconfig"; sourceTree = "<group>"; };
		1F182D13E6682860EA95E3B8 /* Pods_MyGymTests.framework */ = {isa = PBXFileReference; explicitFileType = wrapper.framework; includeInIndex = 0; path = Pods_MyGymTests.framework; sourceTree = BUILT_PRODUCTS_DIR; };
		261658452850319900279D52 /* RegisterViewController.swift */ = {isa = PBXFileReference; lastKnownFileType = sourcecode.swift; path = RegisterViewController.swift; sourceTree = "<group>"; };
		26749A622852360300FAD08E /* GymListViewController.swift */ = {isa = PBXFileReference; lastKnownFileType = sourcecode.swift; path = GymListViewController.swift; sourceTree = "<group>"; };
		26749A6428523A2100FAD08E /* GoogleService-Info.plist */ = {isa = PBXFileReference; fileEncoding = 4; lastKnownFileType = text.plist.xml; path = "GoogleService-Info.plist"; sourceTree = "<group>"; };
		2A37FB4758DF31B53A1B8F65 /* Pods-MyGym.release.xcconfig */ = {isa = PBXFileReference; includeInIndex = 1; lastKnownFileType = text.xcconfig; name = "Pods-MyGym.release.xcconfig"; path = "Target Support Files/Pods-MyGym/Pods-MyGym.release.xcconfig"; sourceTree = "<group>"; };
		356A3CDC284F7F1B002E7AD4 /* MyGym.app */ = {isa = PBXFileReference; explicitFileType = wrapper.application; includeInIndex = 0; path = MyGym.app; sourceTree = BUILT_PRODUCTS_DIR; };
		356A3CDF284F7F1B002E7AD4 /* AppDelegate.swift */ = {isa = PBXFileReference; lastKnownFileType = sourcecode.swift; path = AppDelegate.swift; sourceTree = "<group>"; };
		356A3CE1284F7F1B002E7AD4 /* SceneDelegate.swift */ = {isa = PBXFileReference; lastKnownFileType = sourcecode.swift; path = SceneDelegate.swift; sourceTree = "<group>"; };
		356A3CE6284F7F1B002E7AD4 /* Base */ = {isa = PBXFileReference; lastKnownFileType = file.storyboard; name = Base; path = Base.lproj/Main.storyboard; sourceTree = "<group>"; };
		356A3CE8284F7F1C002E7AD4 /* Assets.xcassets */ = {isa = PBXFileReference; lastKnownFileType = folder.assetcatalog; path = Assets.xcassets; sourceTree = "<group>"; };
		356A3CEB284F7F1C002E7AD4 /* Base */ = {isa = PBXFileReference; lastKnownFileType = file.storyboard; name = Base; path = Base.lproj/LaunchScreen.storyboard; sourceTree = "<group>"; };
		356A3CED284F7F1C002E7AD4 /* Info.plist */ = {isa = PBXFileReference; lastKnownFileType = text.plist.xml; path = Info.plist; sourceTree = "<group>"; };
		356A3CF2284F7F1C002E7AD4 /* MyGymTests.xctest */ = {isa = PBXFileReference; explicitFileType = wrapper.cfbundle; includeInIndex = 0; path = MyGymTests.xctest; sourceTree = BUILT_PRODUCTS_DIR; };
		356A3CF6284F7F1C002E7AD4 /* MyGymTests.swift */ = {isa = PBXFileReference; lastKnownFileType = sourcecode.swift; path = MyGymTests.swift; sourceTree = "<group>"; };
		356A3CFC284F7F1C002E7AD4 /* MyGymUITests.xctest */ = {isa = PBXFileReference; explicitFileType = wrapper.cfbundle; includeInIndex = 0; path = MyGymUITests.xctest; sourceTree = BUILT_PRODUCTS_DIR; };
		356A3D00284F7F1C002E7AD4 /* MyGymUITests.swift */ = {isa = PBXFileReference; lastKnownFileType = sourcecode.swift; path = MyGymUITests.swift; sourceTree = "<group>"; };
		356A3D02284F7F1C002E7AD4 /* MyGymUITestsLaunchTests.swift */ = {isa = PBXFileReference; lastKnownFileType = sourcecode.swift; path = MyGymUITestsLaunchTests.swift; sourceTree = "<group>"; };
		356A3D13284F80F1002E7AD4 /* LoginViewController.swift */ = {isa = PBXFileReference; lastKnownFileType = sourcecode.swift; path = LoginViewController.swift; sourceTree = "<group>"; };
		51FD8312E44EC7BA3F244955 /* Pods-MyGymTests.debug.xcconfig */ = {isa = PBXFileReference; includeInIndex = 1; lastKnownFileType = text.xcconfig; name = "Pods-MyGymTests.debug.xcconfig"; path = "Target Support Files/Pods-MyGymTests/Pods-MyGymTests.debug.xcconfig"; sourceTree = "<group>"; };
		7E25E7C1E4C89B5DE70E9F47 /* Pods_MyGym.framework */ = {isa = PBXFileReference; explicitFileType = wrapper.framework; includeInIndex = 0; path = Pods_MyGym.framework; sourceTree = BUILT_PRODUCTS_DIR; };
		BE94DF51A6E1600105F52729 /* Pods_MyGym_MyGymUITests.framework */ = {isa = PBXFileReference; explicitFileType = wrapper.framework; includeInIndex = 0; path = Pods_MyGym_MyGymUITests.framework; sourceTree = BUILT_PRODUCTS_DIR; };
		D7D81B39444A203ED90EE4B3 /* Pods-MyGym.debug.xcconfig */ = {isa = PBXFileReference; includeInIndex = 1; lastKnownFileType = text.xcconfig; name = "Pods-MyGym.debug.xcconfig"; path = "Target Support Files/Pods-MyGym/Pods-MyGym.debug.xcconfig"; sourceTree = "<group>"; };
		DB55AE23D696E5CF7DC23BA1 /* Pods-MyGym-MyGymUITests.debug.xcconfig */ = {isa = PBXFileReference; includeInIndex = 1; lastKnownFileType = text.xcconfig; name = "Pods-MyGym-MyGymUITests.debug.xcconfig"; path = "Target Support Files/Pods-MyGym-MyGymUITests/Pods-MyGym-MyGymUITests.debug.xcconfig"; sourceTree = "<group>"; };
		FAB13EB13FA3E1F53020B196 /* Pods-MyGymTests.release.xcconfig */ = {isa = PBXFileReference; includeInIndex = 1; lastKnownFileType = text.xcconfig; name = "Pods-MyGymTests.release.xcconfig"; path = "Target Support Files/Pods-MyGymTests/Pods-MyGymTests.release.xcconfig"; sourceTree = "<group>"; };
/* End PBXFileReference section */

/* Begin PBXFrameworksBuildPhase section */
		356A3CD9284F7F1B002E7AD4 /* Frameworks */ = {
			isa = PBXFrameworksBuildPhase;
			buildActionMask = 2147483647;
			files = (
				936A720582D1ACFD403136BE /* Pods_MyGym.framework in Frameworks */,
			);
			runOnlyForDeploymentPostprocessing = 0;
		};
		356A3CEF284F7F1C002E7AD4 /* Frameworks */ = {
			isa = PBXFrameworksBuildPhase;
			buildActionMask = 2147483647;
			files = (
				BB0A375CFD3DFF2FBC758DAF /* Pods_MyGymTests.framework in Frameworks */,
			);
			runOnlyForDeploymentPostprocessing = 0;
		};
		356A3CF9284F7F1C002E7AD4 /* Frameworks */ = {
			isa = PBXFrameworksBuildPhase;
			buildActionMask = 2147483647;
			files = (
				B038D662719897E72AB5F9DB /* Pods_MyGym_MyGymUITests.framework in Frameworks */,
			);
			runOnlyForDeploymentPostprocessing = 0;
		};
/* End PBXFrameworksBuildPhase section */

/* Begin PBXGroup section */
		356A3CD3284F7F1B002E7AD4 = {
			isa = PBXGroup;
			children = (
				356A3CDE284F7F1B002E7AD4 /* MyGym */,
				356A3CF5284F7F1C002E7AD4 /* MyGymTests */,
				356A3CFF284F7F1C002E7AD4 /* MyGymUITests */,
				356A3CDD284F7F1B002E7AD4 /* Products */,
				A50C86B04D52D906CB292BC8 /* Pods */,
				7013BB1E58A7A702C77F1724 /* Frameworks */,
			);
			sourceTree = "<group>";
		};
		356A3CDD284F7F1B002E7AD4 /* Products */ = {
			isa = PBXGroup;
			children = (
				356A3CDC284F7F1B002E7AD4 /* MyGym.app */,
				356A3CF2284F7F1C002E7AD4 /* MyGymTests.xctest */,
				356A3CFC284F7F1C002E7AD4 /* MyGymUITests.xctest */,
			);
			name = Products;
			sourceTree = "<group>";
		};
		356A3CDE284F7F1B002E7AD4 /* MyGym */ = {
			isa = PBXGroup;
			children = (
				356A3D12284F7F3E002E7AD4 /* Helper */,
				356A3D11284F7F34002E7AD4 /* Controller */,
				356A3D10284F7F2E002E7AD4 /* View */,
				356A3D0F284F7F27002E7AD4 /* Model */,
				356A3CED284F7F1C002E7AD4 /* Info.plist */,
				26749A6428523A2100FAD08E /* GoogleService-Info.plist */,
			);
			path = MyGym;
			sourceTree = "<group>";
		};
		356A3CF5284F7F1C002E7AD4 /* MyGymTests */ = {
			isa = PBXGroup;
			children = (
				356A3CF6284F7F1C002E7AD4 /* MyGymTests.swift */,
			);
			path = MyGymTests;
			sourceTree = "<group>";
		};
		356A3CFF284F7F1C002E7AD4 /* MyGymUITests */ = {
			isa = PBXGroup;
			children = (
				356A3D00284F7F1C002E7AD4 /* MyGymUITests.swift */,
				356A3D02284F7F1C002E7AD4 /* MyGymUITestsLaunchTests.swift */,
			);
			path = MyGymUITests;
			sourceTree = "<group>";
		};
		356A3D0F284F7F27002E7AD4 /* Model */ = {
			isa = PBXGroup;
			children = (
			);
			path = Model;
			sourceTree = "<group>";
		};
		356A3D10284F7F2E002E7AD4 /* View */ = {
			isa = PBXGroup;
			children = (
				356A3CE5284F7F1B002E7AD4 /* Main.storyboard */,
				356A3CE8284F7F1C002E7AD4 /* Assets.xcassets */,
				356A3CEA284F7F1C002E7AD4 /* LaunchScreen.storyboard */,
			);
			path = View;
			sourceTree = "<group>";
		};
		356A3D11284F7F34002E7AD4 /* Controller */ = {
			isa = PBXGroup;
			children = (
				356A3D13284F80F1002E7AD4 /* LoginViewController.swift */,
				261658452850319900279D52 /* RegisterViewController.swift */,
				26749A622852360300FAD08E /* GymListViewController.swift */,
			);
			path = Controller;
			sourceTree = "<group>";
		};
		356A3D12284F7F3E002E7AD4 /* Helper */ = {
			isa = PBXGroup;
			children = (
				356A3CDF284F7F1B002E7AD4 /* AppDelegate.swift */,
				356A3CE1284F7F1B002E7AD4 /* SceneDelegate.swift */,
			);
			path = Helper;
			sourceTree = "<group>";
		};
		7013BB1E58A7A702C77F1724 /* Frameworks */ = {
			isa = PBXGroup;
			children = (
				7E25E7C1E4C89B5DE70E9F47 /* Pods_MyGym.framework */,
				BE94DF51A6E1600105F52729 /* Pods_MyGym_MyGymUITests.framework */,
				1F182D13E6682860EA95E3B8 /* Pods_MyGymTests.framework */,
			);
			name = Frameworks;
			sourceTree = "<group>";
		};
		A50C86B04D52D906CB292BC8 /* Pods */ = {
			isa = PBXGroup;
			children = (
				D7D81B39444A203ED90EE4B3 /* Pods-MyGym.debug.xcconfig */,
				2A37FB4758DF31B53A1B8F65 /* Pods-MyGym.release.xcconfig */,
				DB55AE23D696E5CF7DC23BA1 /* Pods-MyGym-MyGymUITests.debug.xcconfig */,
				198E1BBD80892744BC9122CF /* Pods-MyGym-MyGymUITests.release.xcconfig */,
				51FD8312E44EC7BA3F244955 /* Pods-MyGymTests.debug.xcconfig */,
				FAB13EB13FA3E1F53020B196 /* Pods-MyGymTests.release.xcconfig */,
			);
			path = Pods;
			sourceTree = "<group>";
		};
/* End PBXGroup section */

/* Begin PBXNativeTarget section */
		356A3CDB284F7F1B002E7AD4 /* MyGym */ = {
			isa = PBXNativeTarget;
			buildConfigurationList = 356A3D06284F7F1C002E7AD4 /* Build configuration list for PBXNativeTarget "MyGym" */;
			buildPhases = (
				E5079D1D67E09C1CD9F4B365 /* [CP] Check Pods Manifest.lock */,
				356A3CD8284F7F1B002E7AD4 /* Sources */,
				356A3CD9284F7F1B002E7AD4 /* Frameworks */,
				356A3CDA284F7F1B002E7AD4 /* Resources */,
				4738AF061A912E29A8B5FE23 /* [CP] Embed Pods Frameworks */,
			);
			buildRules = (
			);
			dependencies = (
			);
			name = MyGym;
			productName = MyGym;
			productReference = 356A3CDC284F7F1B002E7AD4 /* MyGym.app */;
			productType = "com.apple.product-type.application";
		};
		356A3CF1284F7F1C002E7AD4 /* MyGymTests */ = {
			isa = PBXNativeTarget;
			buildConfigurationList = 356A3D09284F7F1C002E7AD4 /* Build configuration list for PBXNativeTarget "MyGymTests" */;
			buildPhases = (
				B45A57F35976A67E5FC3A334 /* [CP] Check Pods Manifest.lock */,
				356A3CEE284F7F1C002E7AD4 /* Sources */,
				356A3CEF284F7F1C002E7AD4 /* Frameworks */,
				356A3CF0284F7F1C002E7AD4 /* Resources */,
			);
			buildRules = (
			);
			dependencies = (
				356A3CF4284F7F1C002E7AD4 /* PBXTargetDependency */,
			);
			name = MyGymTests;
			productName = MyGymTests;
			productReference = 356A3CF2284F7F1C002E7AD4 /* MyGymTests.xctest */;
			productType = "com.apple.product-type.bundle.unit-test";
		};
		356A3CFB284F7F1C002E7AD4 /* MyGymUITests */ = {
			isa = PBXNativeTarget;
			buildConfigurationList = 356A3D0C284F7F1C002E7AD4 /* Build configuration list for PBXNativeTarget "MyGymUITests" */;
			buildPhases = (
				3AF163240DBD456547512760 /* [CP] Check Pods Manifest.lock */,
				356A3CF8284F7F1C002E7AD4 /* Sources */,
				356A3CF9284F7F1C002E7AD4 /* Frameworks */,
				356A3CFA284F7F1C002E7AD4 /* Resources */,
				0F07C9A7E63404372111A27A /* [CP] Embed Pods Frameworks */,
			);
			buildRules = (
			);
			dependencies = (
				356A3CFE284F7F1C002E7AD4 /* PBXTargetDependency */,
			);
			name = MyGymUITests;
			productName = MyGymUITests;
			productReference = 356A3CFC284F7F1C002E7AD4 /* MyGymUITests.xctest */;
			productType = "com.apple.product-type.bundle.ui-testing";
		};
/* End PBXNativeTarget section */

/* Begin PBXProject section */
		356A3CD4284F7F1B002E7AD4 /* Project object */ = {
			isa = PBXProject;
			attributes = {
				BuildIndependentTargetsInParallel = 1;
				LastSwiftUpdateCheck = 1340;
				LastUpgradeCheck = 1340;
				TargetAttributes = {
					356A3CDB284F7F1B002E7AD4 = {
						CreatedOnToolsVersion = 13.4.1;
					};
					356A3CF1284F7F1C002E7AD4 = {
						CreatedOnToolsVersion = 13.4.1;
						TestTargetID = 356A3CDB284F7F1B002E7AD4;
					};
					356A3CFB284F7F1C002E7AD4 = {
						CreatedOnToolsVersion = 13.4.1;
						TestTargetID = 356A3CDB284F7F1B002E7AD4;
					};
				};
			};
			buildConfigurationList = 356A3CD7284F7F1B002E7AD4 /* Build configuration list for PBXProject "MyGym" */;
			compatibilityVersion = "Xcode 13.0";
			developmentRegion = en;
			hasScannedForEncodings = 0;
			knownRegions = (
				en,
				Base,
			);
			mainGroup = 356A3CD3284F7F1B002E7AD4;
			productRefGroup = 356A3CDD284F7F1B002E7AD4 /* Products */;
			projectDirPath = "";
			projectRoot = "";
			targets = (
				356A3CDB284F7F1B002E7AD4 /* MyGym */,
				356A3CF1284F7F1C002E7AD4 /* MyGymTests */,
				356A3CFB284F7F1C002E7AD4 /* MyGymUITests */,
			);
		};
/* End PBXProject section */

/* Begin PBXResourcesBuildPhase section */
		356A3CDA284F7F1B002E7AD4 /* Resources */ = {
			isa = PBXResourcesBuildPhase;
			buildActionMask = 2147483647;
			files = (
				356A3CEC284F7F1C002E7AD4 /* LaunchScreen.storyboard in Resources */,
				26749A6528523A2100FAD08E /* GoogleService-Info.plist in Resources */,
				356A3CE9284F7F1C002E7AD4 /* Assets.xcassets in Resources */,
				356A3CE7284F7F1B002E7AD4 /* Main.storyboard in Resources */,
			);
			runOnlyForDeploymentPostprocessing = 0;
		};
		356A3CF0284F7F1C002E7AD4 /* Resources */ = {
			isa = PBXResourcesBuildPhase;
			buildActionMask = 2147483647;
			files = (
			);
			runOnlyForDeploymentPostprocessing = 0;
		};
		356A3CFA284F7F1C002E7AD4 /* Resources */ = {
			isa = PBXResourcesBuildPhase;
			buildActionMask = 2147483647;
			files = (
			);
			runOnlyForDeploymentPostprocessing = 0;
		};
/* End PBXResourcesBuildPhase section */

/* Begin PBXShellScriptBuildPhase section */
		0F07C9A7E63404372111A27A /* [CP] Embed Pods Frameworks */ = {
			isa = PBXShellScriptBuildPhase;
			buildActionMask = 2147483647;
			files = (
			);
			inputFileListPaths = (
				"${PODS_ROOT}/Target Support Files/Pods-MyGym-MyGymUITests/Pods-MyGym-MyGymUITests-frameworks-${CONFIGURATION}-input-files.xcfilelist",
			);
			name = "[CP] Embed Pods Frameworks";
			outputFileListPaths = (
				"${PODS_ROOT}/Target Support Files/Pods-MyGym-MyGymUITests/Pods-MyGym-MyGymUITests-frameworks-${CONFIGURATION}-output-files.xcfilelist",
			);
			runOnlyForDeploymentPostprocessing = 0;
			shellPath = /bin/sh;
			shellScript = "\"${PODS_ROOT}/Target Support Files/Pods-MyGym-MyGymUITests/Pods-MyGym-MyGymUITests-frameworks.sh\"\n";
			showEnvVarsInLog = 0;
		};
		3AF163240DBD456547512760 /* [CP] Check Pods Manifest.lock */ = {
			isa = PBXShellScriptBuildPhase;
			buildActionMask = 2147483647;
			files = (
			);
			inputFileListPaths = (
			);
			inputPaths = (
				"${PODS_PODFILE_DIR_PATH}/Podfile.lock",
				"${PODS_ROOT}/Manifest.lock",
			);
			name = "[CP] Check Pods Manifest.lock";
			outputFileListPaths = (
			);
			outputPaths = (
				"$(DERIVED_FILE_DIR)/Pods-MyGym-MyGymUITests-checkManifestLockResult.txt",
			);
			runOnlyForDeploymentPostprocessing = 0;
			shellPath = /bin/sh;
			shellScript = "diff \"${PODS_PODFILE_DIR_PATH}/Podfile.lock\" \"${PODS_ROOT}/Manifest.lock\" > /dev/null\nif [ $? != 0 ] ; then\n    # print error to STDERR\n    echo \"error: The sandbox is not in sync with the Podfile.lock. Run 'pod install' or update your CocoaPods installation.\" >&2\n    exit 1\nfi\n# This output is used by Xcode 'outputs' to avoid re-running this script phase.\necho \"SUCCESS\" > \"${SCRIPT_OUTPUT_FILE_0}\"\n";
			showEnvVarsInLog = 0;
		};
		4738AF061A912E29A8B5FE23 /* [CP] Embed Pods Frameworks */ = {
			isa = PBXShellScriptBuildPhase;
			buildActionMask = 2147483647;
			files = (
			);
			inputFileListPaths = (
				"${PODS_ROOT}/Target Support Files/Pods-MyGym/Pods-MyGym-frameworks-${CONFIGURATION}-input-files.xcfilelist",
			);
			name = "[CP] Embed Pods Frameworks";
			outputFileListPaths = (
				"${PODS_ROOT}/Target Support Files/Pods-MyGym/Pods-MyGym-frameworks-${CONFIGURATION}-output-files.xcfilelist",
			);
			runOnlyForDeploymentPostprocessing = 0;
			shellPath = /bin/sh;
			shellScript = "\"${PODS_ROOT}/Target Support Files/Pods-MyGym/Pods-MyGym-frameworks.sh\"\n";
			showEnvVarsInLog = 0;
		};
		B45A57F35976A67E5FC3A334 /* [CP] Check Pods Manifest.lock */ = {
			isa = PBXShellScriptBuildPhase;
			buildActionMask = 2147483647;
			files = (
			);
			inputFileListPaths = (
			);
			inputPaths = (
				"${PODS_PODFILE_DIR_PATH}/Podfile.lock",
				"${PODS_ROOT}/Manifest.lock",
			);
			name = "[CP] Check Pods Manifest.lock";
			outputFileListPaths = (
			);
			outputPaths = (
				"$(DERIVED_FILE_DIR)/Pods-MyGymTests-checkManifestLockResult.txt",
			);
			runOnlyForDeploymentPostprocessing = 0;
			shellPath = /bin/sh;
			shellScript = "diff \"${PODS_PODFILE_DIR_PATH}/Podfile.lock\" \"${PODS_ROOT}/Manifest.lock\" > /dev/null\nif [ $? != 0 ] ; then\n    # print error to STDERR\n    echo \"error: The sandbox is not in sync with the Podfile.lock. Run 'pod install' or update your CocoaPods installation.\" >&2\n    exit 1\nfi\n# This output is used by Xcode 'outputs' to avoid re-running this script phase.\necho \"SUCCESS\" > \"${SCRIPT_OUTPUT_FILE_0}\"\n";
			showEnvVarsInLog = 0;
		};
		E5079D1D67E09C1CD9F4B365 /* [CP] Check Pods Manifest.lock */ = {
			isa = PBXShellScriptBuildPhase;
			buildActionMask = 2147483647;
			files = (
			);
			inputFileListPaths = (
			);
			inputPaths = (
				"${PODS_PODFILE_DIR_PATH}/Podfile.lock",
				"${PODS_ROOT}/Manifest.lock",
			);
			name = "[CP] Check Pods Manifest.lock";
			outputFileListPaths = (
			);
			outputPaths = (
				"$(DERIVED_FILE_DIR)/Pods-MyGym-checkManifestLockResult.txt",
			);
			runOnlyForDeploymentPostprocessing = 0;
			shellPath = /bin/sh;
			shellScript = "diff \"${PODS_PODFILE_DIR_PATH}/Podfile.lock\" \"${PODS_ROOT}/Manifest.lock\" > /dev/null\nif [ $? != 0 ] ; then\n    # print error to STDERR\n    echo \"error: The sandbox is not in sync with the Podfile.lock. Run 'pod install' or update your CocoaPods installation.\" >&2\n    exit 1\nfi\n# This output is used by Xcode 'outputs' to avoid re-running this script phase.\necho \"SUCCESS\" > \"${SCRIPT_OUTPUT_FILE_0}\"\n";
			showEnvVarsInLog = 0;
		};
/* End PBXShellScriptBuildPhase section */

/* Begin PBXSourcesBuildPhase section */
		356A3CD8284F7F1B002E7AD4 /* Sources */ = {
			isa = PBXSourcesBuildPhase;
			buildActionMask = 2147483647;
			files = (
				26749A632852360300FAD08E /* GymListViewController.swift in Sources */,
				356A3D14284F80F1002E7AD4 /* LoginViewController.swift in Sources */,
				356A3CE0284F7F1B002E7AD4 /* AppDelegate.swift in Sources */,
				356A3CE2284F7F1B002E7AD4 /* SceneDelegate.swift in Sources */,
				261658462850319900279D52 /* RegisterViewController.swift in Sources */,
			);
			runOnlyForDeploymentPostprocessing = 0;
		};
		356A3CEE284F7F1C002E7AD4 /* Sources */ = {
			isa = PBXSourcesBuildPhase;
			buildActionMask = 2147483647;
			files = (
				356A3CF7284F7F1C002E7AD4 /* MyGymTests.swift in Sources */,
			);
			runOnlyForDeploymentPostprocessing = 0;
		};
		356A3CF8284F7F1C002E7AD4 /* Sources */ = {
			isa = PBXSourcesBuildPhase;
			buildActionMask = 2147483647;
			files = (
				356A3D03284F7F1C002E7AD4 /* MyGymUITestsLaunchTests.swift in Sources */,
				356A3D01284F7F1C002E7AD4 /* MyGymUITests.swift in Sources */,
			);
			runOnlyForDeploymentPostprocessing = 0;
		};
/* End PBXSourcesBuildPhase section */

/* Begin PBXTargetDependency section */
		356A3CF4284F7F1C002E7AD4 /* PBXTargetDependency */ = {
			isa = PBXTargetDependency;
			target = 356A3CDB284F7F1B002E7AD4 /* MyGym */;
			targetProxy = 356A3CF3284F7F1C002E7AD4 /* PBXContainerItemProxy */;
		};
		356A3CFE284F7F1C002E7AD4 /* PBXTargetDependency */ = {
			isa = PBXTargetDependency;
			target = 356A3CDB284F7F1B002E7AD4 /* MyGym */;
			targetProxy = 356A3CFD284F7F1C002E7AD4 /* PBXContainerItemProxy */;
		};
/* End PBXTargetDependency section */

/* Begin PBXVariantGroup section */
		356A3CE5284F7F1B002E7AD4 /* Main.storyboard */ = {
			isa = PBXVariantGroup;
			children = (
				356A3CE6284F7F1B002E7AD4 /* Base */,
			);
			name = Main.storyboard;
			sourceTree = "<group>";
		};
		356A3CEA284F7F1C002E7AD4 /* LaunchScreen.storyboard */ = {
			isa = PBXVariantGroup;
			children = (
				356A3CEB284F7F1C002E7AD4 /* Base */,
			);
			name = LaunchScreen.storyboard;
			sourceTree = "<group>";
		};
/* End PBXVariantGroup section */

/* Begin XCBuildConfiguration section */
		356A3D04284F7F1C002E7AD4 /* Debug */ = {
			isa = XCBuildConfiguration;
			buildSettings = {
				ALWAYS_SEARCH_USER_PATHS = NO;
				CLANG_ANALYZER_NONNULL = YES;
				CLANG_ANALYZER_NUMBER_OBJECT_CONVERSION = YES_AGGRESSIVE;
				CLANG_CXX_LANGUAGE_STANDARD = "gnu++17";
				CLANG_ENABLE_MODULES = YES;
				CLANG_ENABLE_OBJC_ARC = YES;
				CLANG_ENABLE_OBJC_WEAK = YES;
				CLANG_WARN_BLOCK_CAPTURE_AUTORELEASING = YES;
				CLANG_WARN_BOOL_CONVERSION = YES;
				CLANG_WARN_COMMA = YES;
				CLANG_WARN_CONSTANT_CONVERSION = YES;
				CLANG_WARN_DEPRECATED_OBJC_IMPLEMENTATIONS = YES;
				CLANG_WARN_DIRECT_OBJC_ISA_USAGE = YES_ERROR;
				CLANG_WARN_DOCUMENTATION_COMMENTS = YES;
				CLANG_WARN_EMPTY_BODY = YES;
				CLANG_WARN_ENUM_CONVERSION = YES;
				CLANG_WARN_INFINITE_RECURSION = YES;
				CLANG_WARN_INT_CONVERSION = YES;
				CLANG_WARN_NON_LITERAL_NULL_CONVERSION = YES;
				CLANG_WARN_OBJC_IMPLICIT_RETAIN_SELF = YES;
				CLANG_WARN_OBJC_LITERAL_CONVERSION = YES;
				CLANG_WARN_OBJC_ROOT_CLASS = YES_ERROR;
				CLANG_WARN_QUOTED_INCLUDE_IN_FRAMEWORK_HEADER = YES;
				CLANG_WARN_RANGE_LOOP_ANALYSIS = YES;
				CLANG_WARN_STRICT_PROTOTYPES = YES;
				CLANG_WARN_SUSPICIOUS_MOVE = YES;
				CLANG_WARN_UNGUARDED_AVAILABILITY = YES_AGGRESSIVE;
				CLANG_WARN_UNREACHABLE_CODE = YES;
				CLANG_WARN__DUPLICATE_METHOD_MATCH = YES;
				COPY_PHASE_STRIP = NO;
				DEBUG_INFORMATION_FORMAT = dwarf;
				ENABLE_STRICT_OBJC_MSGSEND = YES;
				ENABLE_TESTABILITY = YES;
				GCC_C_LANGUAGE_STANDARD = gnu11;
				GCC_DYNAMIC_NO_PIC = NO;
				GCC_NO_COMMON_BLOCKS = YES;
				GCC_OPTIMIZATION_LEVEL = 0;
				GCC_PREPROCESSOR_DEFINITIONS = (
					"DEBUG=1",
					"$(inherited)",
				);
				GCC_WARN_64_TO_32_BIT_CONVERSION = YES;
				GCC_WARN_ABOUT_RETURN_TYPE = YES_ERROR;
				GCC_WARN_UNDECLARED_SELECTOR = YES;
				GCC_WARN_UNINITIALIZED_AUTOS = YES_AGGRESSIVE;
				GCC_WARN_UNUSED_FUNCTION = YES;
				GCC_WARN_UNUSED_VARIABLE = YES;
				IPHONEOS_DEPLOYMENT_TARGET = 15.5;
				MTL_ENABLE_DEBUG_INFO = INCLUDE_SOURCE;
				MTL_FAST_MATH = YES;
				ONLY_ACTIVE_ARCH = YES;
				SDKROOT = iphoneos;
				SWIFT_ACTIVE_COMPILATION_CONDITIONS = DEBUG;
				SWIFT_OPTIMIZATION_LEVEL = "-Onone";
			};
			name = Debug;
		};
		356A3D05284F7F1C002E7AD4 /* Release */ = {
			isa = XCBuildConfiguration;
			buildSettings = {
				ALWAYS_SEARCH_USER_PATHS = NO;
				CLANG_ANALYZER_NONNULL = YES;
				CLANG_ANALYZER_NUMBER_OBJECT_CONVERSION = YES_AGGRESSIVE;
				CLANG_CXX_LANGUAGE_STANDARD = "gnu++17";
				CLANG_ENABLE_MODULES = YES;
				CLANG_ENABLE_OBJC_ARC = YES;
				CLANG_ENABLE_OBJC_WEAK = YES;
				CLANG_WARN_BLOCK_CAPTURE_AUTORELEASING = YES;
				CLANG_WARN_BOOL_CONVERSION = YES;
				CLANG_WARN_COMMA = YES;
				CLANG_WARN_CONSTANT_CONVERSION = YES;
				CLANG_WARN_DEPRECATED_OBJC_IMPLEMENTATIONS = YES;
				CLANG_WARN_DIRECT_OBJC_ISA_USAGE = YES_ERROR;
				CLANG_WARN_DOCUMENTATION_COMMENTS = YES;
				CLANG_WARN_EMPTY_BODY = YES;
				CLANG_WARN_ENUM_CONVERSION = YES;
				CLANG_WARN_INFINITE_RECURSION = YES;
				CLANG_WARN_INT_CONVERSION = YES;
				CLANG_WARN_NON_LITERAL_NULL_CONVERSION = YES;
				CLANG_WARN_OBJC_IMPLICIT_RETAIN_SELF = YES;
				CLANG_WARN_OBJC_LITERAL_CONVERSION = YES;
				CLANG_WARN_OBJC_ROOT_CLASS = YES_ERROR;
				CLANG_WARN_QUOTED_INCLUDE_IN_FRAMEWORK_HEADER = YES;
				CLANG_WARN_RANGE_LOOP_ANALYSIS = YES;
				CLANG_WARN_STRICT_PROTOTYPES = YES;
				CLANG_WARN_SUSPICIOUS_MOVE = YES;
				CLANG_WARN_UNGUARDED_AVAILABILITY = YES_AGGRESSIVE;
				CLANG_WARN_UNREACHABLE_CODE = YES;
				CLANG_WARN__DUPLICATE_METHOD_MATCH = YES;
				COPY_PHASE_STRIP = NO;
				DEBUG_INFORMATION_FORMAT = "dwarf-with-dsym";
				ENABLE_NS_ASSERTIONS = NO;
				ENABLE_STRICT_OBJC_MSGSEND = YES;
				GCC_C_LANGUAGE_STANDARD = gnu11;
				GCC_NO_COMMON_BLOCKS = YES;
				GCC_WARN_64_TO_32_BIT_CONVERSION = YES;
				GCC_WARN_ABOUT_RETURN_TYPE = YES_ERROR;
				GCC_WARN_UNDECLARED_SELECTOR = YES;
				GCC_WARN_UNINITIALIZED_AUTOS = YES_AGGRESSIVE;
				GCC_WARN_UNUSED_FUNCTION = YES;
				GCC_WARN_UNUSED_VARIABLE = YES;
				IPHONEOS_DEPLOYMENT_TARGET = 15.5;
				MTL_ENABLE_DEBUG_INFO = NO;
				MTL_FAST_MATH = YES;
				SDKROOT = iphoneos;
				SWIFT_COMPILATION_MODE = wholemodule;
				SWIFT_OPTIMIZATION_LEVEL = "-O";
				VALIDATE_PRODUCT = YES;
			};
			name = Release;
		};
		356A3D07284F7F1C002E7AD4 /* Debug */ = {
			isa = XCBuildConfiguration;
			baseConfigurationReference = D7D81B39444A203ED90EE4B3 /* Pods-MyGym.debug.xcconfig */;
			buildSettings = {
				ASSETCATALOG_COMPILER_APPICON_NAME = AppIcon;
				ASSETCATALOG_COMPILER_GLOBAL_ACCENT_COLOR_NAME = AccentColor;
				CODE_SIGN_IDENTITY = "Apple Development";
				CODE_SIGN_STYLE = Automatic;
				CURRENT_PROJECT_VERSION = 1;
				DEVELOPMENT_TEAM = W7588LM9FP;
				GENERATE_INFOPLIST_FILE = YES;
				INFOPLIST_FILE = MyGym/Info.plist;
				INFOPLIST_KEY_UIApplicationSupportsIndirectInputEvents = YES;
				INFOPLIST_KEY_UILaunchStoryboardName = LaunchScreen;
				INFOPLIST_KEY_UIMainStoryboardFile = Main;
				INFOPLIST_KEY_UISupportedInterfaceOrientations_iPad = "UIInterfaceOrientationPortrait UIInterfaceOrientationPortraitUpsideDown UIInterfaceOrientationLandscapeLeft UIInterfaceOrientationLandscapeRight";
				INFOPLIST_KEY_UISupportedInterfaceOrientations_iPhone = "UIInterfaceOrientationPortrait UIInterfaceOrientationLandscapeLeft UIInterfaceOrientationLandscapeRight";
				LD_RUNPATH_SEARCH_PATHS = (
					"$(inherited)",
					"@executable_path/Frameworks",
				);
				MARKETING_VERSION = 1.0;
				PRODUCT_BUNDLE_IDENTIFIER = com.schro.MyGym;
				PRODUCT_NAME = "$(TARGET_NAME)";
				PROVISIONING_PROFILE_SPECIFIER = "";
				SWIFT_EMIT_LOC_STRINGS = YES;
				SWIFT_VERSION = 5.0;
				TARGETED_DEVICE_FAMILY = "1,2";
			};
			name = Debug;
		};
		356A3D08284F7F1C002E7AD4 /* Release */ = {
			isa = XCBuildConfiguration;
			baseConfigurationReference = 2A37FB4758DF31B53A1B8F65 /* Pods-MyGym.release.xcconfig */;
			buildSettings = {
				ASSETCATALOG_COMPILER_APPICON_NAME = AppIcon;
				ASSETCATALOG_COMPILER_GLOBAL_ACCENT_COLOR_NAME = AccentColor;
				CODE_SIGN_IDENTITY = "Apple Development";
				CODE_SIGN_STYLE = Automatic;
				CURRENT_PROJECT_VERSION = 1;
				DEVELOPMENT_TEAM = W7588LM9FP;
				GENERATE_INFOPLIST_FILE = YES;
				INFOPLIST_FILE = MyGym/Info.plist;
				INFOPLIST_KEY_UIApplicationSupportsIndirectInputEvents = YES;
				INFOPLIST_KEY_UILaunchStoryboardName = LaunchScreen;
				INFOPLIST_KEY_UIMainStoryboardFile = Main;
				INFOPLIST_KEY_UISupportedInterfaceOrientations_iPad = "UIInterfaceOrientationPortrait UIInterfaceOrientationPortraitUpsideDown UIInterfaceOrientationLandscapeLeft UIInterfaceOrientationLandscapeRight";
				INFOPLIST_KEY_UISupportedInterfaceOrientations_iPhone = "UIInterfaceOrientationPortrait UIInterfaceOrientationLandscapeLeft UIInterfaceOrientationLandscapeRight";
				LD_RUNPATH_SEARCH_PATHS = (
					"$(inherited)",
					"@executable_path/Frameworks",
				);
				MARKETING_VERSION = 1.0;
				PRODUCT_BUNDLE_IDENTIFIER = com.schro.MyGym;
				PRODUCT_NAME = "$(TARGET_NAME)";
				PROVISIONING_PROFILE_SPECIFIER = "";
				SWIFT_EMIT_LOC_STRINGS = YES;
				SWIFT_VERSION = 5.0;
				TARGETED_DEVICE_FAMILY = "1,2";
			};
			name = Release;
		};
		356A3D0A284F7F1C002E7AD4 /* Debug */ = {
			isa = XCBuildConfiguration;
			baseConfigurationReference = 51FD8312E44EC7BA3F244955 /* Pods-MyGymTests.debug.xcconfig */;
			buildSettings = {
				ALWAYS_EMBED_SWIFT_STANDARD_LIBRARIES = YES;
				BUNDLE_LOADER = "$(TEST_HOST)";
				CODE_SIGN_STYLE = Automatic;
				CURRENT_PROJECT_VERSION = 1;
				DEVELOPMENT_TEAM = 45K89U54K6;
				GENERATE_INFOPLIST_FILE = YES;
				IPHONEOS_DEPLOYMENT_TARGET = 15.5;
				MARKETING_VERSION = 1.0;
				PRODUCT_BUNDLE_IDENTIFIER = com.JungJaeGeun.MyGymTests;
				PRODUCT_NAME = "$(TARGET_NAME)";
				SWIFT_EMIT_LOC_STRINGS = NO;
				SWIFT_VERSION = 5.0;
				TARGETED_DEVICE_FAMILY = "1,2";
				TEST_HOST = "$(BUILT_PRODUCTS_DIR)/MyGym.app/MyGym";
			};
			name = Debug;
		};
		356A3D0B284F7F1C002E7AD4 /* Release */ = {
			isa = XCBuildConfiguration;
			baseConfigurationReference = FAB13EB13FA3E1F53020B196 /* Pods-MyGymTests.release.xcconfig */;
			buildSettings = {
				ALWAYS_EMBED_SWIFT_STANDARD_LIBRARIES = YES;
				BUNDLE_LOADER = "$(TEST_HOST)";
				CODE_SIGN_STYLE = Automatic;
				CURRENT_PROJECT_VERSION = 1;
				DEVELOPMENT_TEAM = 45K89U54K6;
				GENERATE_INFOPLIST_FILE = YES;
				IPHONEOS_DEPLOYMENT_TARGET = 15.5;
				MARKETING_VERSION = 1.0;
				PRODUCT_BUNDLE_IDENTIFIER = com.JungJaeGeun.MyGymTests;
				PRODUCT_NAME = "$(TARGET_NAME)";
				SWIFT_EMIT_LOC_STRINGS = NO;
				SWIFT_VERSION = 5.0;
				TARGETED_DEVICE_FAMILY = "1,2";
				TEST_HOST = "$(BUILT_PRODUCTS_DIR)/MyGym.app/MyGym";
			};
			name = Release;
		};
		356A3D0D284F7F1C002E7AD4 /* Debug */ = {
			isa = XCBuildConfiguration;
			baseConfigurationReference = DB55AE23D696E5CF7DC23BA1 /* Pods-MyGym-MyGymUITests.debug.xcconfig */;
			buildSettings = {
				ALWAYS_EMBED_SWIFT_STANDARD_LIBRARIES = YES;
				CODE_SIGN_STYLE = Automatic;
				CURRENT_PROJECT_VERSION = 1;
				DEVELOPMENT_TEAM = 45K89U54K6;
				GENERATE_INFOPLIST_FILE = YES;
				MARKETING_VERSION = 1.0;
				PRODUCT_BUNDLE_IDENTIFIER = com.JungJaeGeun.MyGymUITests;
				PRODUCT_NAME = "$(TARGET_NAME)";
				SWIFT_EMIT_LOC_STRINGS = NO;
				SWIFT_VERSION = 5.0;
				TARGETED_DEVICE_FAMILY = "1,2";
				TEST_TARGET_NAME = MyGym;
			};
			name = Debug;
		};
		356A3D0E284F7F1C002E7AD4 /* Release */ = {
			isa = XCBuildConfiguration;
			baseConfigurationReference = 198E1BBD80892744BC9122CF /* Pods-MyGym-MyGymUITests.release.xcconfig */;
			buildSettings = {
				ALWAYS_EMBED_SWIFT_STANDARD_LIBRARIES = YES;
				CODE_SIGN_STYLE = Automatic;
				CURRENT_PROJECT_VERSION = 1;
				DEVELOPMENT_TEAM = 45K89U54K6;
				GENERATE_INFOPLIST_FILE = YES;
				MARKETING_VERSION = 1.0;
				PRODUCT_BUNDLE_IDENTIFIER = com.JungJaeGeun.MyGymUITests;
				PRODUCT_NAME = "$(TARGET_NAME)";
				SWIFT_EMIT_LOC_STRINGS = NO;
				SWIFT_VERSION = 5.0;
				TARGETED_DEVICE_FAMILY = "1,2";
				TEST_TARGET_NAME = MyGym;
			};
			name = Release;
		};
/* End XCBuildConfiguration section */

/* Begin XCConfigurationList section */
		356A3CD7284F7F1B002E7AD4 /* Build configuration list for PBXProject "MyGym" */ = {
			isa = XCConfigurationList;
			buildConfigurations = (
				356A3D04284F7F1C002E7AD4 /* Debug */,
				356A3D05284F7F1C002E7AD4 /* Release */,
			);
			defaultConfigurationIsVisible = 0;
			defaultConfigurationName = Release;
		};
		356A3D06284F7F1C002E7AD4 /* Build configuration list for PBXNativeTarget "MyGym" */ = {
			isa = XCConfigurationList;
			buildConfigurations = (
				356A3D07284F7F1C002E7AD4 /* Debug */,
				356A3D08284F7F1C002E7AD4 /* Release */,
			);
			defaultConfigurationIsVisible = 0;
			defaultConfigurationName = Release;
		};
		356A3D09284F7F1C002E7AD4 /* Build configuration list for PBXNativeTarget "MyGymTests" */ = {
			isa = XCConfigurationList;
			buildConfigurations = (
				356A3D0A284F7F1C002E7AD4 /* Debug */,
				356A3D0B284F7F1C002E7AD4 /* Release */,
			);
			defaultConfigurationIsVisible = 0;
			defaultConfigurationName = Release;
		};
		356A3D0C284F7F1C002E7AD4 /* Build configuration list for PBXNativeTarget "MyGymUITests" */ = {
			isa = XCConfigurationList;
			buildConfigurations = (
				356A3D0D284F7F1C002E7AD4 /* Debug */,
				356A3D0E284F7F1C002E7AD4 /* Release */,
			);
			defaultConfigurationIsVisible = 0;
			defaultConfigurationName = Release;
		};
/* End XCConfigurationList section */
	};
	rootObject = 356A3CD4284F7F1B002E7AD4 /* Project object */;
}
